
Microsoft Visual Studio Solution File, Format Version 10.00
# Visual Studio 2008
Project("{FAE04EC0-301F-11D3-BF4B-00C04F79EFBC}") = "ConfigurationProviders", "ConfigurationProviders.csproj", "{DCF188BB-2CA4-49DF-864D-63CD48414810}"
EndProject
Global
	GlobalSection(SolutionConfigurationPlatforms) = preSolution
		Debug|Any CPU = Debug|Any CPU
		Release|Any CPU = Release|Any CPU
	EndGlobalSection
	GlobalSection(ProjectConfigurationPlatforms) = postSolution
		{DCF188BB-2CA4-49DF-864D-63CD48414810}.Debug|Any CPU.ActiveCfg = Debug|Any CPU
		{DCF188BB-2CA4-49DF-864D-63CD48414810}.Debug|Any CPU.Build.0 = Debug|Any CPU
		{DCF188BB-2CA4-49DF-864D-63CD48414810}.Release|Any CPU.ActiveCfg = Release|Any CPU
		{DCF188BB-2CA4-49DF-864D-63CD48414810}.Release|Any CPU.Build.0 = Release|Any CPU
	EndGlobalSection
	GlobalSection(SolutionProperties) = preSolution
		HideSolutionNode = FALSE
	EndGlobalSection
EndGlobal
